# THIS IS AN AUTOGENERATED FILE. DO NOT EDIT THIS FILE DIRECTLY.
# yarn lockfile v1


rescript@12.0.0-alpha.12:
  version "12.0.0-alpha.12"
  resolved "https://registry.yarnpkg.com/rescript/-/rescript-12.0.0-alpha.12.tgz#2d622e3ba6a97a737023f0d531a2748ab3719d64"
  integrity sha512-CffTYrWwg3x+iyYEUa8coaygjHcK7NH3CsqNKMvFDbZUxWWRi0JNnpFp01bfv1LdrHNIptmLgr7Df4a4FXSD5Q==
