# THIS IS AN AUTOGENERATED FILE. DO NOT EDIT THIS FILE DIRECTLY.
# yarn lockfile v1


rescript@>=11.0.0-rc.5:
  version "11.0.0-rc.5"
  resolved "https://registry.yarnpkg.com/rescript/-/rescript-11.0.0-rc.5.tgz#7432ad57f6baa2d6edaaeb9c795e4c9ad85498dd"
  integrity sha512-7tiOmhOJ0myaIM9/AEYxiKXha2mn+9AGdkiy5PNOaBjuGxF2Le7qnr/cyOiTTpPq4fYXxZhwpaBF1AKNl5LUPg==
